# This file is autogenerated, do not edit; changes may be undone by the next 'dep ensure'.


[[projects]]
  name = "github.com/beorn7/perks"
  packages = ["quantile"]
  revision = "37c8de3658fcb183f997c4e13e8337516ab753e6"
  version = "v1.0.1"

[[projects]]
  name = "github.com/cloudflare/goflow"
  packages = [
    "decoders",
    "decoders/netflow",
    "decoders/netflowlegacy",
    "decoders/sflow",
    "decoders/utils",
    "pb",
    "producer",
    "utils"
  ]
  revision = "610850e6ce0a8abe8c9f52815c6d413313102aba"
  version = "v3.2.0"

[[projects]]
  name = "github.com/golang/protobuf"
  packages = ["proto"]
  revision = "6c65a5562fc06764971b7c5d05c76c75e84bdbf7"
  version = "v1.3.2"

[[projects]]
  name = "github.com/konsorten/go-windows-terminal-sequences"
  packages = ["."]
  revision = "f55edac94c9bbba5d6182a4be46d86a2c9b5b50e"
  version = "v1.0.2"

[[projects]]
  name = "github.com/libp2p/go-reuseport"
  packages = ["."]
  revision = "3e6d618acfdfacbbeff71cb2bd70fc188f897a0f"
  version = "v0.0.1"

[[projects]]
  name = "github.com/matttproud/golang_protobuf_extensions"
  packages = ["pbutil"]
  revision = "c12348ce28de40eed0136aa2b644d0ee0650e56c"
  version = "v1.0.1"

[[projects]]
  name = "github.com/pkg/errors"
  packages = ["."]
  revision = "49f8f617296114c890ae0b7ac18c5953d2b1ca0f"
  version = "v0.9.0"

[[projects]]
  name = "github.com/prometheus/client_golang"
  packages = [
    "prometheus",
    "prometheus/internal",
    "prometheus/promhttp"
  ]
  revision = "170205fb58decfd011f1550d4cfb737230d7ae4f"
  version = "v1.1.0"

[[projects]]
  name = "github.com/prometheus/client_model"
  packages = ["go"]
  revision = "d1d2010b5beead3fa1c5f271a5cf626e40b3ad6e"
  version = "v0.1.0"

[[projects]]
  name = "github.com/prometheus/common"
  packages = [
    "expfmt",
    "internal/bitbucket.org/ww/goautoneg",
    "model"
  ]
  revision = "629b6ff9b3aafafba54ab96663903fde9544f037"
  version = "v0.8.0"

[[projects]]
  name = "github.com/prometheus/procfs"
  packages = [
    ".",
    "internal/fs",
    "internal/util"
  ]
  revision = "6d489fc7f1d9cd890a250f3ea3431b1744b9623f"
  version = "v0.0.8"

[[projects]]
  name = "github.com/sirupsen/logrus"
  packages = ["."]
  revision = "839c75faf7f98a33d445d181f3018b5c3409a45e"
  version = "v1.4.2"

[[projects]]
  branch = "master"
  name = "golang.org/x/sys"
  packages = [
    "unix",
    "windows"
  ]
  revision = "86b910548bc16777f40503131aa424ae0a092199"

[solve-meta]
  analyzer-name = "dep"
  analyzer-version = 1
  inputs-digest = "83276a3fd9c04099204203274d1b0f97fc5f4b0fbe247ff0977bca0610ea6017"
  solver-name = "gps-cdcl"
  solver-version = 1
